{
  "version": "5",
  "specifiers": {
    "npm:@sqlite.org/sqlite-wasm@3.53.0-build1": "3.53.0-build1",
    "npm:@supabase/supabase-js@2.112.4": "2.112.4",
    "npm:cheerio@1.0.0": "1.0.0",
    "npm:fflate@0.8.3": "0.8.3",
    "npm:fsrs-browser@6.6.0": "6.6.0",
    "npm:pdf-parse@1.1.1": "1.1.1",
    "npm:ts-fsrs@5.4.1": "5.4.1",
    "npm:youtube-transcript@1.2.1": "1.2.1"
  },
  "npm": {
    "@sqlite.org/sqlite-wasm@3.53.0-build1": {
      "integrity": "sha512-PfWPWN2n+/37doa8oh2/oUXk4OOsRYZsxc1W1sDXIGb/Pu5Yrb+f2eyYpgQMGITVX7HVgxhs9P18Rc6I97ym/g=="
    },
    "@supabase/auth-js@2.112.4": {
      "integrity": "sha512-z8DesgwLzKM5PiT0yNmJU8VJyh1zAhYi+20Z7drdJQLXg/wWW4yGt/un+He5ERYUo94Vz66t5aeyr1DIDemI5A==",
      "dependencies": [
        "tslib"
      ]
    },
    "@supabase/functions-js@2.112.4": {
      "integrity": "sha512-DQ0aVH8wSQAccVqNoEkec62qCu2QRNyoGN53RqsVZ1k6F1zq4/v8scrlR6LNT2RJmT97apiTmORijPVhErCS2g==",
      "dependencies": [
        "tslib"
      ]
    },
    "@supabase/phoenix@0.4.5": {
      "integrity": "sha512-aAn9H9ovVyeApKy11OWOrrOGq8DV68yWeH4ud2lN9fzn4aO8Zb5GLL9m1pUg9nLqIcT+ZDfAcsZe0E/nqdv2lw=="
    },
    "@supabase/postgrest-js@2.112.4": {
      "integrity": "sha512-uaubtPSeg2TR4wrtfQoQWgkTAe+a0qWX2KhmwvTfNl5mGN9+U7owiJt6abk3o/V6O899PSRD1yzxs5RlF4xTug==",
      "dependencies": [
        "tslib"
      ]
    },
    "@supabase/realtime-js@2.112.4": {
      "integrity": "sha512-vZ+j079SKrM0Xiq7MJCvQKLDpaH2kfKfLY68xuQE1sqsCsMmx1CyrDBJHsxZ3cX01VOs5SI9igmoZAF3BmdZxw==",
      "dependencies": [
        "@supabase/phoenix",
        "tslib"
      ]
    },
    "@supabase/storage-js@2.112.4": {
      "integrity": "sha512-lQ0JemuTlMIXVKgSci1qez8yPnM5hyDngeAfEBjZS2Om4D+Cus0EE5BE6glFobrxdyii1OF4UzWfF0zcQgDq5A==",
      "dependencies": [
        "iceberg-js",
        "tslib"
      ]
    },
    "@supabase/supabase-js@2.112.4": {
      "integrity": "sha512-UiCX1udlFY1fQQrO7Z3GU7obQsju0w5Vk9mOOwalfo/+Gy+tahWVenSSuu5E/GTy/q//HxvGv2IrCdW66/61kw==",
      "dependencies": [
        "@supabase/auth-js",
        "@supabase/functions-js",
        "@supabase/postgrest-js",
        "@supabase/realtime-js",
        "@supabase/storage-js"
      ]
    },
    "boolbase@1.0.0": {
      "integrity": "sha512-JZOSA7Mo9sNGB8+UjSgzdLtokWAky1zbztM3WRLCbZ70/3cTANmQmOdR7y2g+J0e2WXywy1yS468tY+IruqEww=="
    },
    "cheerio-select@2.1.0": {
      "integrity": "sha512-9v9kG0LvzrlcungtnJtpGNxY+fzECQKhK4EGJX2vByejiMX84MFNQw4UxPJl3bFbTMw+Dfs37XaIkCwTZfLh4g==",
      "dependencies": [
        "boolbase",
        "css-select",
        "css-what",
        "domelementtype",
        "domhandler",
        "domutils"
      ]
    },
    "cheerio@1.0.0": {
      "integrity": "sha512-quS9HgjQpdaXOvsZz82Oz7uxtXiy6UIsIQcpBj7HRw2M63Skasm9qlDocAM7jNuaxdhpPU7c4kJN+gA5MCu4ww==",
      "dependencies": [
        "cheerio-select",
        "dom-serializer",
        "domhandler",
        "domutils",
        "encoding-sniffer",
        "htmlparser2",
        "parse5",
        "parse5-htmlparser2-tree-adapter",
        "parse5-parser-stream",
        "undici",
        "whatwg-mimetype"
      ]
    },
    "css-select@5.2.2": {
      "integrity": "sha512-TizTzUddG/xYLA3NXodFM0fSbNizXjOKhqiQQwvhlspadZokn1KDy0NZFS0wuEubIYAV5/c1/lAr0TaaFXEXzw==",
      "dependencies": [
        "boolbase",
        "css-what",
        "domhandler",
        "domutils",
        "nth-check"
      ]
    },
    "css-what@6.2.2": {
      "integrity": "sha512-u/O3vwbptzhMs3L1fQE82ZSLHQQfto5gyZzwteVIEyeaY5Fc7R4dapF/BvRoSYFeqfBk4m0V1Vafq5Pjv25wvA=="
    },
    "debug@3.2.7": {
      "integrity": "sha512-CFjzYYAi4ThfiQvizrFQevTTXHtnCqWfe7x1AhgEscTz6ZbLbfoLRLPugTQyBth6f8ZERVUSyWHFD/7Wu4t1XQ==",
      "dependencies": [
        "ms"
      ]
    },
    "dom-serializer@2.0.0": {
      "integrity": "sha512-wIkAryiqt/nV5EQKqQpo3SToSOV9J0DnbJqwK7Wv/Trc92zIAYZ4FlMu+JPFW1DfGFt81ZTCGgDEabffXeLyJg==",
      "dependencies": [
        "domelementtype",
        "domhandler",
        "entities@4.5.0"
      ]
    },
    "domelementtype@2.3.0": {
      "integrity": "sha512-OLETBj6w0OsagBwdXnPdN0cnMfF9opN69co+7ZrbfPGrdpPVNBUj02spi6B1N7wChLQiPn4CSH/zJvXw56gmHw=="
    },
    "domhandler@5.0.3": {
      "integrity": "sha512-cgwlv/1iFQiFnU96XXgROh8xTeetsnJiDsTc7TYCLFd9+/WNkIqPTxiM/8pSd8VIrhXGTf1Ny1q1hquVqDJB5w==",
      "dependencies": [
        "domelementtype"
      ]
    },
    "domutils@3.2.2": {
      "integrity": "sha512-6kZKyUajlDuqlHKVX1w7gyslj9MPIXzIFiz/rGu35uC1wMi+kMhQwGhl4lt9unC9Vb9INnY9Z3/ZA3+FhASLaw==",
      "dependencies": [
        "dom-serializer",
        "domelementtype",
        "domhandler"
      ]
    },
    "encoding-sniffer@0.2.1": {
      "integrity": "sha512-5gvq20T6vfpekVtqrYQsSCFZ1wEg5+wW0/QaZMWkFr6BqD3NfKs0rLCx4rrVlSWJeZb5NBJgVLswK/w2MWU+Gw==",
      "dependencies": [
        "iconv-lite",
        "whatwg-encoding"
      ]
    },
    "entities@4.5.0": {
      "integrity": "sha512-V0hjH4dGPh9Ao5p0MoRY6BVqtwCjhz6vI5LT8AJ55H+4g9/4vbHx1I54fS0XuclLhDHArPQCiMjDxjaL8fPxhw=="
    },
    "entities@6.0.1": {
      "integrity": "sha512-aN97NXWF6AWBTahfVOIrB/NShkzi5H7F9r1s9mD3cDj4Ko5f2qhhVoYMibXF7GlLveb/D2ioWay8lxI97Ven3g=="
    },
    "fflate@0.8.3": {
      "integrity": "sha512-tbZNuJrLwGUp3zshBtdy4W+ORxZuIh8a5ilyIEQDC5rY1f3U20JMry0Ll3WBzU58EZKsEuJFXhb5gwv8CsPvgA=="
    },
    "fsrs-browser@6.6.0": {
      "integrity": "sha512-Q79mC7dZCku1zqpEnO041pxlAAYoldTtxYg8zg8SbmtKsbD5xOokaLdiJSv99aqDIplySsfJnrYn/yyQhE4KhA=="
    },
    "htmlparser2@9.1.0": {
      "integrity": "sha512-5zfg6mHUoaer/97TxnGpxmbR7zJtPwIYFMZ/H5ucTlPZhKvtum05yiPK3Mgai3a0DyVxv7qYqoweaEd2nrYQzQ==",
      "dependencies": [
        "domelementtype",
        "domhandler",
        "domutils",
        "entities@4.5.0"
      ]
    },
    "iceberg-js@0.8.1": {
      "integrity": "sha512-1dhVQZXhcHje7798IVM+xoo/1ZdVfzOMIc8/rgVSijRK38EDqOJoGula9N/8ZI5RD8QTxNQtK/Gozpr+qUqRRA=="
    },
    "iconv-lite@0.6.3": {
      "integrity": "sha512-4fCk79wshMdzMp2rH06qWrJE4iolqLhCUH+OiuIgU++RB0+94NlDL81atO7GX55uUKueo0txHNtvEyI6D7WdMw==",
      "dependencies": [
        "safer-buffer"
      ]
    },
    "ms@2.1.3": {
      "integrity": "sha512-6FlzubTLZG3J2a/NVCAleEhjzq5oxgHyaCU9yYXvcLsvoVaHJq/s5xXI6/XXP6tz7R9xAOtHnSO/tXtF3WRTlA=="
    },
    "node-ensure@0.0.0": {
      "integrity": "sha512-DRI60hzo2oKN1ma0ckc6nQWlHU69RH6xN0sjQTjMpChPfTYvKZdcQFfdYK2RWbJcKyUizSIy/l8OTGxMAM1QDw=="
    },
    "nth-check@2.1.1": {
      "integrity": "sha512-lqjrjmaOoAnWfMmBPL+XNnynZh2+swxiX3WUE0s4yEHI6m+AwrK2UZOimIRl3X/4QctVqS8AiZjFqyOGrMXb/w==",
      "dependencies": [
        "boolbase"
      ]
    },
    "parse5-htmlparser2-tree-adapter@7.1.0": {
      "integrity": "sha512-ruw5xyKs6lrpo9x9rCZqZZnIUntICjQAd0Wsmp396Ul9lN/h+ifgVV1x1gZHi8euej6wTfpqX8j+BFQxF0NS/g==",
      "dependencies": [
        "domhandler",
        "parse5"
      ]
    },
    "parse5-parser-stream@7.1.2": {
      "integrity": "sha512-JyeQc9iwFLn5TbvvqACIF/VXG6abODeB3Fwmv/TGdLk2LfbWkaySGY72at4+Ty7EkPZj854u4CrICqNk2qIbow==",
      "dependencies": [
        "parse5"
      ]
    },
    "parse5@7.3.0": {
      "integrity": "sha512-IInvU7fabl34qmi9gY8XOVxhYyMyuH2xUNpb2q8/Y+7552KlejkRvqvD19nMoUW/uQGGbqNpA6Tufu5FL5BZgw==",
      "dependencies": [
        "entities@6.0.1"
      ]
    },
    "pdf-parse@1.1.1": {
      "integrity": "sha512-v6ZJ/efsBpGrGGknjtq9J/oC8tZWq0KWL5vQrk2GlzLEQPUDB1ex+13Rmidl1neNN358Jn9EHZw5y07FFtaC7A==",
      "dependencies": [
        "debug",
        "node-ensure"
      ]
    },
    "safer-buffer@2.1.2": {
      "integrity": "sha512-YZo3K82SD7Riyi0E1EQPojLz7kpepnSQI9IyPbHHg1XXXevb5dJI7tpyN2ADxGcQbHG7vcyRHk0cbwqcQriUtg=="
    },
    "ts-fsrs@5.4.1": {
      "integrity": "sha512-mOp9+oexJexBTkwjg/jQI1aSUQRLIAvbimeKHLSmVdNJPwObugFNKmZkoggH5d6kZ0uaWLboP1Al1DnXAfIb9w=="
    },
    "tslib@2.8.1": {
      "integrity": "sha512-oJFu94HQb+KVduSUQL7wnpmqnfmLsOA/nAh6b6EH0wCEoK0/mPeXU6c3wKDV83MkOuHPRHtSXKKU99IBazS/2w=="
    },
    "undici@6.29.0": {
      "integrity": "sha512-R+RODBqp6i2pPflGdq+xIOUkl+RNfGgHwoinecKu/JCuf2uO06cOKoDbI2P7Dn6KcswdKwrczbU6IYJ6K8X+wg=="
    },
    "whatwg-encoding@3.1.1": {
      "integrity": "sha512-6qN4hJdMwfYBtE3YBTTHhoeuUrDBPZmbQaxWAqSALV/MeEnR5z1xd8UKud2RAkFoPkmB+hli1TZSnyi84xz1vQ==",
      "dependencies": [
        "iconv-lite"
      ],
      "deprecated": true
    },
    "whatwg-mimetype@4.0.0": {
      "integrity": "sha512-QaKxh0eNIi2mE9p2vEdzfagOKHCcj1pJ56EEHGQOVxp8r9/iszLUUV7v89x9O1p/T+NlTM5W7jW6+cz4Fq1YVg=="
    },
    "youtube-transcript@1.2.1": {
      "integrity": "sha512-TvEGkBaajKw+B6y91ziLuBLsa5cawgowou+Bk0ciGpjELDfAzSzTGXaZmeSSkUeknCPpEr/WGApOHDwV7V+Y9Q=="
    }
  },
  "workspace": {
    "dependencies": [
      "npm:@sqlite.org/sqlite-wasm@3.53.0-build1",
      "npm:@supabase/supabase-js@2.112.4",
      "npm:cheerio@1.0.0",
      "npm:fflate@0.8.3",
      "npm:fsrs-browser@6.6.0",
      "npm:pdf-parse@1.1.1",
      "npm:ts-fsrs@5.4.1",
      "npm:youtube-transcript@1.2.1"
    ]
  }
}
